
Microsoft Visual Studio Solution File, Format Version 12.00
# Visual Studio Version 17
VisualStudioVersion = 17.8.34330.188
MinimumVisualStudioVersion = 10.0.40219.1
Project("{8BC9CEB8-8B4A-11D0-8D11-00A0C91BC942}") = "UnmanagedSwiftWrapper", "UnmanagedSwiftWrapper\UnmanagedSwiftWrapper.vcxproj", "{BC504BDE-CE2A-4883-9D71-520EA05C748B}"
EndProject
Project("{8BC9CEB8-8B4A-11D0-8D11-00A0C91BC942}") = "ManagedSwiftWrapper", "ManagedSwiftWrapper\ManagedSwiftWrapper.vcxproj", "{1E343B44-E615-4EBF-A156-05C93C26C1D3}"
	ProjectSection(ProjectDependencies) = postProject
		{BC504BDE-CE2A-4883-9D71-520EA05C748B} = {BC504BDE-CE2A-4883-9D71-520EA05C748B}
	EndProjectSection
EndProject
Project("{FAE04EC0-301F-11D3-BF4B-00C04F79EFBC}") = "ManagedConsoleApp", "ManagedConsoleApp\ManagedConsoleApp.csproj", "{65FAA40C-3FE9-4B87-872C-34D87BFF2FDE}"
	ProjectSection(ProjectDependencies) = postProject
		{1E343B44-E615-4EBF-A156-05C93C26C1D3} = {1E343B44-E615-4EBF-A156-05C93C26C1D3}
	EndProjectSection
EndProject
Global
	GlobalSection(SolutionConfigurationPlatforms) = preSolution
		Debug|Any CPU = Debug|Any CPU
		Debug|x64 = Debug|x64
		Release|Any CPU = Release|Any CPU
		Release|x64 = Release|x64
	EndGlobalSection
	GlobalSection(ProjectConfigurationPlatforms) = postSolution
		{BC504BDE-CE2A-4883-9D71-520EA05C748B}.Debug|Any CPU.ActiveCfg = Debug|x64
		{BC504BDE-CE2A-4883-9D71-520EA05C748B}.Debug|Any CPU.Build.0 = Debug|x64
		{BC504BDE-CE2A-4883-9D71-520EA05C748B}.Debug|x64.ActiveCfg = Debug|x64
		{BC504BDE-CE2A-4883-9D71-520EA05C748B}.Debug|x64.Build.0 = Debug|x64
		{BC504BDE-CE2A-4883-9D71-520EA05C748B}.Release|Any CPU.ActiveCfg = Release|x64
		{BC504BDE-CE2A-4883-9D71-520EA05C748B}.Release|Any CPU.Build.0 = Release|x64
		{BC504BDE-CE2A-4883-9D71-520EA05C748B}.Release|x64.ActiveCfg = Release|x64
		{BC504BDE-CE2A-4883-9D71-520EA05C748B}.Release|x64.Build.0 = Release|x64
		{1E343B44-E615-4EBF-A156-05C93C26C1D3}.Debug|Any CPU.ActiveCfg = Debug|x64
		{1E343B44-E615-4EBF-A156-05C93C26C1D3}.Debug|Any CPU.Build.0 = Debug|x64
		{1E343B44-E615-4EBF-A156-05C93C26C1D3}.Debug|x64.ActiveCfg = Debug|x64
		{1E343B44-E615-4EBF-A156-05C93C26C1D3}.Debug|x64.Build.0 = Debug|x64
		{1E343B44-E615-4EBF-A156-05C93C26C1D3}.Release|Any CPU.ActiveCfg = Release|x64
		{1E343B44-E615-4EBF-A156-05C93C26C1D3}.Release|Any CPU.Build.0 = Release|x64
		{1E343B44-E615-4EBF-A156-05C93C26C1D3}.Release|x64.ActiveCfg = Release|x64
		{1E343B44-E615-4EBF-A156-05C93C26C1D3}.Release|x64.Build.0 = Release|x64
		{65FAA40C-3FE9-4B87-872C-34D87BFF2FDE}.Debug|Any CPU.ActiveCfg = Debug|Any CPU
		{65FAA40C-3FE9-4B87-872C-34D87BFF2FDE}.Debug|Any CPU.Build.0 = Debug|Any CPU
		{65FAA40C-3FE9-4B87-872C-34D87BFF2FDE}.Debug|x64.ActiveCfg = Debug|Any CPU
		{65FAA40C-3FE9-4B87-872C-34D87BFF2FDE}.Debug|x64.Build.0 = Debug|Any CPU
		{65FAA40C-3FE9-4B87-872C-34D87BFF2FDE}.Release|Any CPU.ActiveCfg = Release|Any CPU
		{65FAA40C-3FE9-4B87-872C-34D87BFF2FDE}.Release|Any CPU.Build.0 = Release|Any CPU
		{65FAA40C-3FE9-4B87-872C-34D87BFF2FDE}.Release|x64.ActiveCfg = Release|Any CPU
		{65FAA40C-3FE9-4B87-872C-34D87BFF2FDE}.Release|x64.Build.0 = Release|Any CPU
	EndGlobalSection
	GlobalSection(SolutionProperties) = preSolution
		HideSolutionNode = FALSE
	EndGlobalSection
	GlobalSection(ExtensibilityGlobals) = postSolution
		SolutionGuid = {C188EA61-0673-4CEB-9473-99D004E5A518}
	EndGlobalSection
EndGlobal
