
Microsoft Visual Studio Solution File, Format Version 12.00
# Visual Studio Version 17
VisualStudioVersion = 17.8.34330.188
MinimumVisualStudioVersion = 10.0.40219.1
Project("{8BC9CEB8-8B4A-11D0-8D11-00A0C91BC942}") = "UnmanagedCascableCoreBasicAPI", "UnmanagedCascableCoreBasicAPI\UnmanagedCascableCoreBasicAPI.vcxproj", "{0305F088-5FB8-45DA-8F68-4C759F662779}"
EndProject
Project("{8BC9CEB8-8B4A-11D0-8D11-00A0C91BC942}") = "ManagedCascableCoreBasicAPI", "ManagedCascableCoreBasicAPI\ManagedCascableCoreBasicAPI.vcxproj", "{2BCEA18E-6C47-4815-9787-D3C2D24B680F}"
	ProjectSection(ProjectDependencies) = postProject
		{0305F088-5FB8-45DA-8F68-4C759F662779} = {0305F088-5FB8-45DA-8F68-4C759F662779}
	EndProjectSection
EndProject
Project("{FAE04EC0-301F-11D3-BF4B-00C04F79EFBC}") = "CascableCore Demo", "CascableCore Demo\CascableCore Demo.csproj", "{FD503FD1-1099-4ECB-8EB3-04EAFF4A46F9}"
	ProjectSection(ProjectDependencies) = postProject
		{2BCEA18E-6C47-4815-9787-D3C2D24B680F} = {2BCEA18E-6C47-4815-9787-D3C2D24B680F}
	EndProjectSection
EndProject
Global
	GlobalSection(SolutionConfigurationPlatforms) = preSolution
		Debug|ARM64 = Debug|ARM64
		Debug|x64 = Debug|x64
		Debug|x86 = Debug|x86
		Release|ARM64 = Release|ARM64
		Release|x64 = Release|x64
		Release|x86 = Release|x86
	EndGlobalSection
	GlobalSection(ProjectConfigurationPlatforms) = postSolution
		{0305F088-5FB8-45DA-8F68-4C759F662779}.Debug|ARM64.ActiveCfg = Debug|x64
		{0305F088-5FB8-45DA-8F68-4C759F662779}.Debug|ARM64.Build.0 = Debug|x64
		{0305F088-5FB8-45DA-8F68-4C759F662779}.Debug|x64.ActiveCfg = Debug|x64
		{0305F088-5FB8-45DA-8F68-4C759F662779}.Debug|x64.Build.0 = Debug|x64
		{0305F088-5FB8-45DA-8F68-4C759F662779}.Debug|x86.ActiveCfg = Debug|Win32
		{0305F088-5FB8-45DA-8F68-4C759F662779}.Debug|x86.Build.0 = Debug|Win32
		{0305F088-5FB8-45DA-8F68-4C759F662779}.Release|ARM64.ActiveCfg = Release|x64
		{0305F088-5FB8-45DA-8F68-4C759F662779}.Release|ARM64.Build.0 = Release|x64
		{0305F088-5FB8-45DA-8F68-4C759F662779}.Release|x64.ActiveCfg = Release|x64
		{0305F088-5FB8-45DA-8F68-4C759F662779}.Release|x64.Build.0 = Release|x64
		{0305F088-5FB8-45DA-8F68-4C759F662779}.Release|x86.ActiveCfg = Release|Win32
		{0305F088-5FB8-45DA-8F68-4C759F662779}.Release|x86.Build.0 = Release|Win32
		{2BCEA18E-6C47-4815-9787-D3C2D24B680F}.Debug|ARM64.ActiveCfg = Debug|x64
		{2BCEA18E-6C47-4815-9787-D3C2D24B680F}.Debug|ARM64.Build.0 = Debug|x64
		{2BCEA18E-6C47-4815-9787-D3C2D24B680F}.Debug|x64.ActiveCfg = Debug|x64
		{2BCEA18E-6C47-4815-9787-D3C2D24B680F}.Debug|x64.Build.0 = Debug|x64
		{2BCEA18E-6C47-4815-9787-D3C2D24B680F}.Debug|x86.ActiveCfg = Debug|Win32
		{2BCEA18E-6C47-4815-9787-D3C2D24B680F}.Debug|x86.Build.0 = Debug|Win32
		{2BCEA18E-6C47-4815-9787-D3C2D24B680F}.Release|ARM64.ActiveCfg = Release|x64
		{2BCEA18E-6C47-4815-9787-D3C2D24B680F}.Release|ARM64.Build.0 = Release|x64
		{2BCEA18E-6C47-4815-9787-D3C2D24B680F}.Release|x64.ActiveCfg = Release|x64
		{2BCEA18E-6C47-4815-9787-D3C2D24B680F}.Release|x64.Build.0 = Release|x64
		{2BCEA18E-6C47-4815-9787-D3C2D24B680F}.Release|x86.ActiveCfg = Release|Win32
		{2BCEA18E-6C47-4815-9787-D3C2D24B680F}.Release|x86.Build.0 = Release|Win32
		{FD503FD1-1099-4ECB-8EB3-04EAFF4A46F9}.Debug|ARM64.ActiveCfg = Debug|ARM64
		{FD503FD1-1099-4ECB-8EB3-04EAFF4A46F9}.Debug|ARM64.Build.0 = Debug|ARM64
		{FD503FD1-1099-4ECB-8EB3-04EAFF4A46F9}.Debug|ARM64.Deploy.0 = Debug|ARM64
		{FD503FD1-1099-4ECB-8EB3-04EAFF4A46F9}.Debug|x64.ActiveCfg = Debug|x64
		{FD503FD1-1099-4ECB-8EB3-04EAFF4A46F9}.Debug|x64.Build.0 = Debug|x64
		{FD503FD1-1099-4ECB-8EB3-04EAFF4A46F9}.Debug|x64.Deploy.0 = Debug|x64
		{FD503FD1-1099-4ECB-8EB3-04EAFF4A46F9}.Debug|x86.ActiveCfg = Debug|x86
		{FD503FD1-1099-4ECB-8EB3-04EAFF4A46F9}.Debug|x86.Build.0 = Debug|x86
		{FD503FD1-1099-4ECB-8EB3-04EAFF4A46F9}.Debug|x86.Deploy.0 = Debug|x86
		{FD503FD1-1099-4ECB-8EB3-04EAFF4A46F9}.Release|ARM64.ActiveCfg = Release|ARM64
		{FD503FD1-1099-4ECB-8EB3-04EAFF4A46F9}.Release|ARM64.Build.0 = Release|ARM64
		{FD503FD1-1099-4ECB-8EB3-04EAFF4A46F9}.Release|ARM64.Deploy.0 = Release|ARM64
		{FD503FD1-1099-4ECB-8EB3-04EAFF4A46F9}.Release|x64.ActiveCfg = Release|x64
		{FD503FD1-1099-4ECB-8EB3-04EAFF4A46F9}.Release|x64.Build.0 = Release|x64
		{FD503FD1-1099-4ECB-8EB3-04EAFF4A46F9}.Release|x64.Deploy.0 = Release|x64
		{FD503FD1-1099-4ECB-8EB3-04EAFF4A46F9}.Release|x86.ActiveCfg = Release|x86
		{FD503FD1-1099-4ECB-8EB3-04EAFF4A46F9}.Release|x86.Build.0 = Release|x86
		{FD503FD1-1099-4ECB-8EB3-04EAFF4A46F9}.Release|x86.Deploy.0 = Release|x86
	EndGlobalSection
	GlobalSection(SolutionProperties) = preSolution
		HideSolutionNode = FALSE
	EndGlobalSection
	GlobalSection(ExtensibilityGlobals) = postSolution
		SolutionGuid = {670DDB1F-E761-444E-ACB8-ECA715E23736}
	EndGlobalSection
EndGlobal
